
Microsoft Visual Studio Solution File, Format Version 12.00
# Visual Studio 2012
Project("{2150E333-8FDC-42A3-9474-1A3956D46DE8}") = "Dependency", "Dependency", "{A4588F59-7264-4DA0-AE61-A5C59E789405}"
EndProject
Project("{2150E333-8FDC-42A3-9474-1A3956D46DE8}") = "ArkGameClient", "ArkGameClient", "{B1B4D78F-2323-4D47-89C5-FB978241AB4C}"
EndProject
Project("{FAE04EC0-301F-11D3-BF4B-00C04F79EFBC}") = "NFCoreEx", "Dependency\ArkClient_Core\NFCoreEx.csproj", "{FA92ED5F-6C15-4829-A3B5-278E088D09F9}"
EndProject
Project("{FAE04EC0-301F-11D3-BF4B-00C04F79EFBC}") = "NFNet", "Dependency\ArkClient_Net\NFNet.csproj", "{E615A80A-B280-4E0A-8D6C-20D63A860886}"
EndProject
Project("{FAE04EC0-301F-11D3-BF4B-00C04F79EFBC}") = "protobuf-net", "Dependency\protobuf-net\protobuf-net.csproj", "{E91C373F-EE5E-415C-9255-70F3D0FA7EB2}"
EndProject
Project("{FAE04EC0-301F-11D3-BF4B-00C04F79EFBC}") = "NFMsg", "ArkGameClient\NFMsg\NFMsg.csproj", "{CCCC1B40-7356-4A6F-B950-FDC33E92613A}"
EndProject
Project("{FAE04EC0-301F-11D3-BF4B-00C04F79EFBC}") = "PlayerNet", "ArkGameClient\PlayerNet\PlayerNet.csproj", "{1BF0BA1C-E265-4B3D-9592-8B7398D51320}"
EndProject
Global
	GlobalSection(SolutionConfigurationPlatforms) = preSolution
		Debug|Any CPU = Debug|Any CPU
		Release|Any CPU = Release|Any CPU
	EndGlobalSection
	GlobalSection(ProjectConfigurationPlatforms) = postSolution
		{FA92ED5F-6C15-4829-A3B5-278E088D09F9}.Debug|Any CPU.ActiveCfg = Debug|Any CPU
		{FA92ED5F-6C15-4829-A3B5-278E088D09F9}.Debug|Any CPU.Build.0 = Debug|Any CPU
		{FA92ED5F-6C15-4829-A3B5-278E088D09F9}.Release|Any CPU.ActiveCfg = Release|Any CPU
		{FA92ED5F-6C15-4829-A3B5-278E088D09F9}.Release|Any CPU.Build.0 = Release|Any CPU
		{E615A80A-B280-4E0A-8D6C-20D63A860886}.Debug|Any CPU.ActiveCfg = Debug|Any CPU
		{E615A80A-B280-4E0A-8D6C-20D63A860886}.Debug|Any CPU.Build.0 = Debug|Any CPU
		{E615A80A-B280-4E0A-8D6C-20D63A860886}.Release|Any CPU.ActiveCfg = Release|Any CPU
		{E615A80A-B280-4E0A-8D6C-20D63A860886}.Release|Any CPU.Build.0 = Release|Any CPU
		{E91C373F-EE5E-415C-9255-70F3D0FA7EB2}.Debug|Any CPU.ActiveCfg = Debug|Any CPU
		{E91C373F-EE5E-415C-9255-70F3D0FA7EB2}.Debug|Any CPU.Build.0 = Debug|Any CPU
		{E91C373F-EE5E-415C-9255-70F3D0FA7EB2}.Release|Any CPU.ActiveCfg = Release|Any CPU
		{E91C373F-EE5E-415C-9255-70F3D0FA7EB2}.Release|Any CPU.Build.0 = Release|Any CPU
		{CCCC1B40-7356-4A6F-B950-FDC33E92613A}.Debug|Any CPU.ActiveCfg = Debug|Any CPU
		{CCCC1B40-7356-4A6F-B950-FDC33E92613A}.Debug|Any CPU.Build.0 = Debug|Any CPU
		{CCCC1B40-7356-4A6F-B950-FDC33E92613A}.Release|Any CPU.ActiveCfg = Release|Any CPU
		{CCCC1B40-7356-4A6F-B950-FDC33E92613A}.Release|Any CPU.Build.0 = Release|Any CPU
		{1BF0BA1C-E265-4B3D-9592-8B7398D51320}.Debug|Any CPU.ActiveCfg = Debug|Any CPU
		{1BF0BA1C-E265-4B3D-9592-8B7398D51320}.Debug|Any CPU.Build.0 = Debug|Any CPU
		{1BF0BA1C-E265-4B3D-9592-8B7398D51320}.Release|Any CPU.ActiveCfg = Release|Any CPU
		{1BF0BA1C-E265-4B3D-9592-8B7398D51320}.Release|Any CPU.Build.0 = Release|Any CPU
	EndGlobalSection
	GlobalSection(SolutionProperties) = preSolution
		HideSolutionNode = FALSE
	EndGlobalSection
	GlobalSection(NestedProjects) = preSolution
		{FA92ED5F-6C15-4829-A3B5-278E088D09F9} = {A4588F59-7264-4DA0-AE61-A5C59E789405}
		{E615A80A-B280-4E0A-8D6C-20D63A860886} = {A4588F59-7264-4DA0-AE61-A5C59E789405}
		{E91C373F-EE5E-415C-9255-70F3D0FA7EB2} = {A4588F59-7264-4DA0-AE61-A5C59E789405}
		{CCCC1B40-7356-4A6F-B950-FDC33E92613A} = {B1B4D78F-2323-4D47-89C5-FB978241AB4C}
		{1BF0BA1C-E265-4B3D-9592-8B7398D51320} = {B1B4D78F-2323-4D47-89C5-FB978241AB4C}
	EndGlobalSection
EndGlobal
